
Microsoft Visual Studio Solution File, Format Version 11.00
# Visual Studio 2010
Project("{8BC9CEB8-8B4A-11D0-8D11-00A0C91BC942}") = "Messages", "Messages\Messages.vcxproj", "{414C2325-D192-4CBA-8010-53F64A484BE6}"
EndProject
Global
	GlobalSection(SolutionConfigurationPlatforms) = preSolution
		Debug|Win32 = Debug|Win32
		Release|Win32 = Release|Win32
	EndGlobalSection
	GlobalSection(ProjectConfigurationPlatforms) = postSolution
		{414C2325-D192-4CBA-8010-53F64A484BE6}.Debug|Win32.ActiveCfg = Debug|Win32
		{414C2325-D192-4CBA-8010-53F64A484BE6}.Debug|Win32.Build.0 = Debug|Win32
		{414C2325-D192-4CBA-8010-53F64A484BE6}.Release|Win32.ActiveCfg = Release|Win32
		{414C2325-D192-4CBA-8010-53F64A484BE6}.Release|Win32.Build.0 = Release|Win32
	EndGlobalSection
	GlobalSection(SolutionProperties) = preSolution
		HideSolutionNode = FALSE
	EndGlobalSection
EndGlobal
